{
    "_meta": {
        "hash": {
            "sha256": "05b91d423aff0b397919a687a4bbefbe528cf93972c7e460664534ac32caa266"
        },
        "pipfile-spec": 6,
        "requires": {
            "python_version": "3.6"
        },
        "sources": [
            {
                "name": "pypi",
                "url": "https://pypi.org/simple",
                "verify_ssl": true
            }
        ]
    },
    "default": {
        "matplotlib": {
            "hashes": [
                "sha256:0711b07920919951b2c508a773c433cbe07bdad952ea84ed9d18ca7853ccbe8b",
                "sha256:0ab307e610302971012dc2387c97fc68e58c8eb00045a2c735da1b16353a3e3f",
                "sha256:651d76daf9168250370d4befb09f79875daa2224a9096d97dfc3ed764c842be4",
                "sha256:8e931015769322ee6860cabb8f975f628788e851092fd5edbdb065b5a516e3af",
                "sha256:97a03e73f9ab71db8e4084894550c3af420c8ab1989b5e1306261b17576bf61b",
                "sha256:9d174cc9681184023a7d520079eb0c085208761c6562710c1de7263d08217ab6",
                "sha256:b21479a4478070c1c0f460e1bf1b65341e6a70ae0da905fcee836651450c66bb",
                "sha256:b93377c6720e7db9cbba57e856a21aae2ff707677a6ee6b3b9d485f22ed82697",
                "sha256:be937f34047bc09ed22d6a19d970fdc61d5d3191aa62f3262fc7f308e6d2e7f9",
                "sha256:d281862a68b0bfce8f9e02a8e5acaa5cfbec37f37320f59b52eaf54b6423ec13",
                "sha256:d5287cfcabad6f0f71a2627c1bbb6fb0cddacb9844f6c91f210604faa508f562",
                "sha256:d75f5e952562f5e494ae92c1f917fc96c2ce09305a7c1bdc2e6502d3c61fbdc3",
                "sha256:ee8acb1d4ee204e5cfe361d8f00d7e52c68f81c099b6c6048a3c76bf2c6b46e6",
                "sha256:fc84f7c7cf1c5a9dbceadb7546818228f019d3b113ce5e362120c895fbba2944"
            ],
            "index": "pypi",
            "version": "==3.2.0"
        },
        "psutil": {
            "hashes": [
                "sha256:230eeb3aeb077814f3a2cd036ddb6e0f571960d327298cc914c02385c3e02a63",
                "sha256:4152ae231709e3e8b80e26b6da20dc965a1a589959c48af1ed024eca6473f60d",
                "sha256:779ec7e7621758ca11a8d99a1064996454b3570154277cc21342a01148a49c28",
                "sha256:82a06785db8eeb637b349006cc28a92e40cd190fefae9875246d18d0de7ccac8",
                "sha256:8a15d773203a1277e57b1d11a7ccdf70804744ef4a9518a87ab8436995c31a4b",
                "sha256:94d4e63189f2593960e73acaaf96be235dd8a455fe2bcb37d8ad6f0e87f61556",
                "sha256:a3286556d4d2f341108db65d8e20d0cd3fcb9a91741cb5eb496832d7daf2a97c",
                "sha256:c91eee73eea00df5e62c741b380b7e5b6fdd553891bee5669817a3a38d036f13",
                "sha256:e2467e9312c2fa191687b89ff4bc2ad8843be4af6fb4dc95a7cc5f7d7a327b18"
            ],
            "index": "pypi",
            "version": "==5.4.3"
        },
        "pyparsing": {
            "hashes": [
                "sha256:c203ec8783bf771a155b207279b9bccb8dea02d8f0c9e5f8ead507bc3246ecc1",
                "sha256:ef9d7589ef3c200abe66653d3f1ab1033c3c419ae9b9bdb1240a85b024efc88b"
            ],
            "version": "==2.4.7"
        },
        "pyqt5": {
            "hashes": [
                "sha256:3b91dd1d0cbfaea85ad057247ba621187e511434b0c9d6d40de69fd5e833b109",
                "sha256:a9bdc46ab1f6397770e6b8dca84ac07a0250d26b1a31587f25619cf31a075532",
                "sha256:bd230c6fd699eabf1ceb51e13a8b79b74c00a80272c622427b80141a22269eb0",
                "sha256:ee168a486c9a758511568147815e2959652cd0aabea832fa5e87cf6b241d2180",
                "sha256:f61ddc78547d6ca763323ccd4a9e374c71b29feda1f5ce2d3e91e4f8d2cf1942"
            ],
            "index": "pypi",
            "version": "==5.14.2"
        },
        "qtmodern": {
            "hashes": [
                "sha256:57e62617656494a9d8a27ac3bd51ae3ae61a265f43b92d6f6ea59dc8bed2179d",
                "sha256:d433a54fbb400d49790aff65d35f203de2a8cc67795ac5bb04c5e766433fafae"
            ],
            "index": "pypi",
            "version": "==0.2.0"
        },
        "qtpy": {
            "hashes": [
                "sha256:2db72c44b55d0fe1407be8fba35c838ad0d6d3bb81f23007886dc1fc0f459c8d",
                "sha256:fa0b8363b363e89b2a6f49eddc162a04c0699ae95e109a6be3bb145a913190ea"
            ],
            "version": "==1.9.0"
        },
    },
    "develop": {}
}
